
Microsoft Visual Studio Solution File, Format Version 12.00
# Visual Studio Version 16
VisualStudioVersion = 16.0.30114.105
MinimumVisualStudioVersion = 10.0.40219.1
Project("{FAE04EC0-301F-11D3-BF4B-00C04F79EFBC}") = "XF_Images.UWP", "XF_Images\XF_Images.UWP\XF_Images.UWP.csproj", "{C98D735C-787E-486A-9A27-5F2C4D739AD8}"
EndProject
Project("{FAE04EC0-301F-11D3-BF4B-00C04F79EFBC}") = "XF_Images.Android", "XF_Images\XF_Images.Android\XF_Images.Android.csproj", "{C9DA581D-D192-45FF-8F28-2EE500D4DE04}"
EndProject
Project("{FAE04EC0-301F-11D3-BF4B-00C04F79EFBC}") = "XF_Images.iOS", "XF_Images\XF_Images.iOS\XF_Images.iOS.csproj", "{D1F6AEFB-F92E-46C4-B1FE-7015634ABA5A}"
EndProject
Project("{FAE04EC0-301F-11D3-BF4B-00C04F79EFBC}") = "XF_Images", "XF_Images\XF_Images\XF_Images.csproj", "{A60EBD2E-ED3B-419B-8EE7-A18ABB2BF04E}"
EndProject
Global
	GlobalSection(SolutionConfigurationPlatforms) = preSolution
		Debug|Any CPU = Debug|Any CPU
		Debug|ARM = Debug|ARM
		Debug|iPhone = Debug|iPhone
		Debug|iPhoneSimulator = Debug|iPhoneSimulator
		Debug|x64 = Debug|x64
		Debug|x86 = Debug|x86
		Release|Any CPU = Release|Any CPU
		Release|ARM = Release|ARM
		Release|iPhone = Release|iPhone
		Release|iPhoneSimulator = Release|iPhoneSimulator
		Release|x64 = Release|x64
		Release|x86 = Release|x86
	EndGlobalSection
	GlobalSection(ProjectConfigurationPlatforms) = postSolution
		{C98D735C-787E-486A-9A27-5F2C4D739AD8}.Debug|Any CPU.ActiveCfg = Debug|x86
		{C98D735C-787E-486A-9A27-5F2C4D739AD8}.Debug|Any CPU.Build.0 = Debug|x86
		{C98D735C-787E-486A-9A27-5F2C4D739AD8}.Debug|Any CPU.Deploy.0 = Debug|x86
		{C98D735C-787E-486A-9A27-5F2C4D739AD8}.Debug|ARM.ActiveCfg = Debug|ARM
		{C98D735C-787E-486A-9A27-5F2C4D739AD8}.Debug|ARM.Build.0 = Debug|ARM
		{C98D735C-787E-486A-9A27-5F2C4D739AD8}.Debug|ARM.Deploy.0 = Debug|ARM
		{C98D735C-787E-486A-9A27-5F2C4D739AD8}.Debug|iPhone.ActiveCfg = Debug|x86
		{C98D735C-787E-486A-9A27-5F2C4D739AD8}.Debug|iPhone.Build.0 = Debug|x86
		{C98D735C-787E-486A-9A27-5F2C4D739AD8}.Debug|iPhone.Deploy.0 = Debug|x86
		{C98D735C-787E-486A-9A27-5F2C4D739AD8}.Debug|iPhoneSimulator.ActiveCfg = Debug|x86
		{C98D735C-787E-486A-9A27-5F2C4D739AD8}.Debug|iPhoneSimulator.Build.0 = Debug|x86
		{C98D735C-787E-486A-9A27-5F2C4D739AD8}.Debug|iPhoneSimulator.Deploy.0 = Debug|x86
		{C98D735C-787E-486A-9A27-5F2C4D739AD8}.Debug|x64.ActiveCfg = Debug|x64
		{C98D735C-787E-486A-9A27-5F2C4D739AD8}.Debug|x64.Build.0 = Debug|x64
		{C98D735C-787E-486A-9A27-5F2C4D739AD8}.Debug|x64.Deploy.0 = Debug|x64
		{C98D735C-787E-486A-9A27-5F2C4D739AD8}.Debug|x86.ActiveCfg = Debug|x86
		{C98D735C-787E-486A-9A27-5F2C4D739AD8}.Debug|x86.Build.0 = Debug|x86
		{C98D735C-787E-486A-9A27-5F2C4D739AD8}.Debug|x86.Deploy.0 = Debug|x86
		{C98D735C-787E-486A-9A27-5F2C4D739AD8}.Release|Any CPU.ActiveCfg = Release|x86
		{C98D735C-787E-486A-9A27-5F2C4D739AD8}.Release|Any CPU.Build.0 = Release|x86
		{C98D735C-787E-486A-9A27-5F2C4D739AD8}.Release|Any CPU.Deploy.0 = Release|x86
		{C98D735C-787E-486A-9A27-5F2C4D739AD8}.Release|ARM.ActiveCfg = Release|ARM
		{C98D735C-787E-486A-9A27-5F2C4D739AD8}.Release|ARM.Build.0 = Release|ARM
		{C98D735C-787E-486A-9A27-5F2C4D739AD8}.Release|ARM.Deploy.0 = Release|ARM
		{C98D735C-787E-486A-9A27-5F2C4D739AD8}.Release|iPhone.ActiveCfg = Release|x86
		{C98D735C-787E-486A-9A27-5F2C4D739AD8}.Release|iPhone.Build.0 = Release|x86
		{C98D735C-787E-486A-9A27-5F2C4D739AD8}.Release|iPhone.Deploy.0 = Release|x86
		{C98D735C-787E-486A-9A27-5F2C4D739AD8}.Release|iPhoneSimulator.ActiveCfg = Release|x86
		{C98D735C-787E-486A-9A27-5F2C4D739AD8}.Release|iPhoneSimulator.Build.0 = Release|x86
		{C98D735C-787E-486A-9A27-5F2C4D739AD8}.Release|iPhoneSimulator.Deploy.0 = Release|x86
		{C98D735C-787E-486A-9A27-5F2C4D739AD8}.Release|x64.ActiveCfg = Release|x64
		{C98D735C-787E-486A-9A27-5F2C4D739AD8}.Release|x64.Build.0 = Release|x64
		{C98D735C-787E-486A-9A27-5F2C4D739AD8}.Release|x64.Deploy.0 = Release|x64
		{C98D735C-787E-486A-9A27-5F2C4D739AD8}.Release|x86.ActiveCfg = Release|x86
		{C98D735C-787E-486A-9A27-5F2C4D739AD8}.Release|x86.Build.0 = Release|x86
		{C98D735C-787E-486A-9A27-5F2C4D739AD8}.Release|x86.Deploy.0 = Release|x86
		{C9DA581D-D192-45FF-8F28-2EE500D4DE04}.Debug|Any CPU.ActiveCfg = Debug|Any CPU
		{C9DA581D-D192-45FF-8F28-2EE500D4DE04}.Debug|Any CPU.Build.0 = Debug|Any CPU
		{C9DA581D-D192-45FF-8F28-2EE500D4DE04}.Debug|Any CPU.Deploy.0 = Debug|Any CPU
		{C9DA581D-D192-45FF-8F28-2EE500D4DE04}.Debug|ARM.ActiveCfg = Debug|Any CPU
		{C9DA581D-D192-45FF-8F28-2EE500D4DE04}.Debug|ARM.Build.0 = Debug|Any CPU
		{C9DA581D-D192-45FF-8F28-2EE500D4DE04}.Debug|ARM.Deploy.0 = Debug|Any CPU
		{C9DA581D-D192-45FF-8F28-2EE500D4DE04}.Debug|iPhone.ActiveCfg = Debug|Any CPU
		{C9DA581D-D192-45FF-8F28-2EE500D4DE04}.Debug|iPhone.Build.0 = Debug|Any CPU
		{C9DA581D-D192-45FF-8F28-2EE500D4DE04}.Debug|iPhone.Deploy.0 = Debug|Any CPU
		{C9DA581D-D192-45FF-8F28-2EE500D4DE04}.Debug|iPhoneSimulator.ActiveCfg = Debug|Any CPU
		{C9DA581D-D192-45FF-8F28-2EE500D4DE04}.Debug|iPhoneSimulator.Build.0 = Debug|Any CPU
		{C9DA581D-D192-45FF-8F28-2EE500D4DE04}.Debug|iPhoneSimulator.Deploy.0 = Debug|Any CPU
		{C9DA581D-D192-45FF-8F28-2EE500D4DE04}.Debug|x64.ActiveCfg = Debug|Any CPU
		{C9DA581D-D192-45FF-8F28-2EE500D4DE04}.Debug|x64.Build.0 = Debug|Any CPU
		{C9DA581D-D192-45FF-8F28-2EE500D4DE04}.Debug|x64.Deploy.0 = Debug|Any CPU
		{C9DA581D-D192-45FF-8F28-2EE500D4DE04}.Debug|x86.ActiveCfg = Debug|Any CPU
		{C9DA581D-D192-45FF-8F28-2EE500D4DE04}.Debug|x86.Build.0 = Debug|Any CPU
		{C9DA581D-D192-45FF-8F28-2EE500D4DE04}.Debug|x86.Deploy.0 = Debug|Any CPU
		{C9DA581D-D192-45FF-8F28-2EE500D4DE04}.Release|Any CPU.ActiveCfg = Release|Any CPU
		{C9DA581D-D192-45FF-8F28-2EE500D4DE04}.Release|Any CPU.Build.0 = Release|Any CPU
		{C9DA581D-D192-45FF-8F28-2EE500D4DE04}.Release|Any CPU.Deploy.0 = Release|Any CPU
		{C9DA581D-D192-45FF-8F28-2EE500D4DE04}.Release|ARM.ActiveCfg = Release|Any CPU
		{C9DA581D-D192-45FF-8F28-2EE500D4DE04}.Release|ARM.Build.0 = Release|Any CPU
		{C9DA581D-D192-45FF-8F28-2EE500D4DE04}.Release|ARM.Deploy.0 = Release|Any CPU
		{C9DA581D-D192-45FF-8F28-2EE500D4DE04}.Release|iPhone.ActiveCfg = Release|Any CPU
		{C9DA581D-D192-45FF-8F28-2EE500D4DE04}.Release|iPhone.Build.0 = Release|Any CPU
		{C9DA581D-D192-45FF-8F28-2EE500D4DE04}.Release|iPhone.Deploy.0 = Release|Any CPU
		{C9DA581D-D192-45FF-8F28-2EE500D4DE04}.Release|iPhoneSimulator.ActiveCfg = Release|Any CPU
		{C9DA581D-D192-45FF-8F28-2EE500D4DE04}.Release|iPhoneSimulator.Build.0 = Release|Any CPU
		{C9DA581D-D192-45FF-8F28-2EE500D4DE04}.Release|iPhoneSimulator.Deploy.0 = Release|Any CPU
		{C9DA581D-D192-45FF-8F28-2EE500D4DE04}.Release|x64.ActiveCfg = Release|Any CPU
		{C9DA581D-D192-45FF-8F28-2EE500D4DE04}.Release|x64.Build.0 = Release|Any CPU
		{C9DA581D-D192-45FF-8F28-2EE500D4DE04}.Release|x64.Deploy.0 = Release|Any CPU
		{C9DA581D-D192-45FF-8F28-2EE500D4DE04}.Release|x86.ActiveCfg = Release|Any CPU
		{C9DA581D-D192-45FF-8F28-2EE500D4DE04}.Release|x86.Build.0 = Release|Any CPU
		{C9DA581D-D192-45FF-8F28-2EE500D4DE04}.Release|x86.Deploy.0 = Release|Any CPU
		{D1F6AEFB-F92E-46C4-B1FE-7015634ABA5A}.Debug|Any CPU.ActiveCfg = Debug|iPhone
		{D1F6AEFB-F92E-46C4-B1FE-7015634ABA5A}.Debug|Any CPU.Build.0 = Debug|iPhone
		{D1F6AEFB-F92E-46C4-B1FE-7015634ABA5A}.Debug|Any CPU.Deploy.0 = Debug|iPhone
		{D1F6AEFB-F92E-46C4-B1FE-7015634ABA5A}.Debug|ARM.ActiveCfg = Debug|iPhone
		{D1F6AEFB-F92E-46C4-B1FE-7015634ABA5A}.Debug|ARM.Build.0 = Debug|iPhone
		{D1F6AEFB-F92E-46C4-B1FE-7015634ABA5A}.Debug|ARM.Deploy.0 = Debug|iPhone
		{D1F6AEFB-F92E-46C4-B1FE-7015634ABA5A}.Debug|iPhone.ActiveCfg = Debug|iPhone
		{D1F6AEFB-F92E-46C4-B1FE-7015634ABA5A}.Debug|iPhone.Build.0 = Debug|iPhone
		{D1F6AEFB-F92E-46C4-B1FE-7015634ABA5A}.Debug|iPhone.Deploy.0 = Debug|iPhone
		{D1F6AEFB-F92E-46C4-B1FE-7015634ABA5A}.Debug|iPhoneSimulator.ActiveCfg = Debug|iPhoneSimulator
		{D1F6AEFB-F92E-46C4-B1FE-7015634ABA5A}.Debug|iPhoneSimulator.Build.0 = Debug|iPhoneSimulator
		{D1F6AEFB-F92E-46C4-B1FE-7015634ABA5A}.Debug|iPhoneSimulator.Deploy.0 = Debug|iPhoneSimulator
		{D1F6AEFB-F92E-46C4-B1FE-7015634ABA5A}.Debug|x64.ActiveCfg = Debug|iPhone
		{D1F6AEFB-F92E-46C4-B1FE-7015634ABA5A}.Debug|x64.Build.0 = Debug|iPhone
		{D1F6AEFB-F92E-46C4-B1FE-7015634ABA5A}.Debug|x64.Deploy.0 = Debug|iPhone
		{D1F6AEFB-F92E-46C4-B1FE-7015634ABA5A}.Debug|x86.ActiveCfg = Debug|iPhone
		{D1F6AEFB-F92E-46C4-B1FE-7015634ABA5A}.Debug|x86.Build.0 = Debug|iPhone
		{D1F6AEFB-F92E-46C4-B1FE-7015634ABA5A}.Debug|x86.Deploy.0 = Debug|iPhone
		{D1F6AEFB-F92E-46C4-B1FE-7015634ABA5A}.Release|Any CPU.ActiveCfg = Release|iPhone
		{D1F6AEFB-F92E-46C4-B1FE-7015634ABA5A}.Release|Any CPU.Build.0 = Release|iPhone
		{D1F6AEFB-F92E-46C4-B1FE-7015634ABA5A}.Release|Any CPU.Deploy.0 = Release|iPhone
		{D1F6AEFB-F92E-46C4-B1FE-7015634ABA5A}.Release|ARM.ActiveCfg = Release|iPhone
		{D1F6AEFB-F92E-46C4-B1FE-7015634ABA5A}.Release|ARM.Build.0 = Release|iPhone
		{D1F6AEFB-F92E-46C4-B1FE-7015634ABA5A}.Release|ARM.Deploy.0 = Release|iPhone
		{D1F6AEFB-F92E-46C4-B1FE-7015634ABA5A}.Release|iPhone.ActiveCfg = Release|iPhone
		{D1F6AEFB-F92E-46C4-B1FE-7015634ABA5A}.Release|iPhone.Build.0 = Release|iPhone
		{D1F6AEFB-F92E-46C4-B1FE-7015634ABA5A}.Release|iPhone.Deploy.0 = Release|iPhone
		{D1F6AEFB-F92E-46C4-B1FE-7015634ABA5A}.Release|iPhoneSimulator.ActiveCfg = Release|iPhoneSimulator
		{D1F6AEFB-F92E-46C4-B1FE-7015634ABA5A}.Release|iPhoneSimulator.Build.0 = Release|iPhoneSimulator
		{D1F6AEFB-F92E-46C4-B1FE-7015634ABA5A}.Release|iPhoneSimulator.Deploy.0 = Release|iPhoneSimulator
		{D1F6AEFB-F92E-46C4-B1FE-7015634ABA5A}.Release|x64.ActiveCfg = Release|iPhone
		{D1F6AEFB-F92E-46C4-B1FE-7015634ABA5A}.Release|x64.Build.0 = Release|iPhone
		{D1F6AEFB-F92E-46C4-B1FE-7015634ABA5A}.Release|x64.Deploy.0 = Release|iPhone
		{D1F6AEFB-F92E-46C4-B1FE-7015634ABA5A}.Release|x86.ActiveCfg = Release|iPhone
		{D1F6AEFB-F92E-46C4-B1FE-7015634ABA5A}.Release|x86.Build.0 = Release|iPhone
		{D1F6AEFB-F92E-46C4-B1FE-7015634ABA5A}.Release|x86.Deploy.0 = Release|iPhone
		{A60EBD2E-ED3B-419B-8EE7-A18ABB2BF04E}.Debug|Any CPU.ActiveCfg = Debug|Any CPU
		{A60EBD2E-ED3B-419B-8EE7-A18ABB2BF04E}.Debug|Any CPU.Build.0 = Debug|Any CPU
		{A60EBD2E-ED3B-419B-8EE7-A18ABB2BF04E}.Debug|Any CPU.Deploy.0 = Debug|Any CPU
		{A60EBD2E-ED3B-419B-8EE7-A18ABB2BF04E}.Debug|ARM.ActiveCfg = Debug|Any CPU
		{A60EBD2E-ED3B-419B-8EE7-A18ABB2BF04E}.Debug|ARM.Build.0 = Debug|Any CPU
		{A60EBD2E-ED3B-419B-8EE7-A18ABB2BF04E}.Debug|ARM.Deploy.0 = Debug|Any CPU
		{A60EBD2E-ED3B-419B-8EE7-A18ABB2BF04E}.Debug|iPhone.ActiveCfg = Debug|Any CPU
		{A60EBD2E-ED3B-419B-8EE7-A18ABB2BF04E}.Debug|iPhone.Build.0 = Debug|Any CPU
		{A60EBD2E-ED3B-419B-8EE7-A18ABB2BF04E}.Debug|iPhone.Deploy.0 = Debug|Any CPU
		{A60EBD2E-ED3B-419B-8EE7-A18ABB2BF04E}.Debug|iPhoneSimulator.ActiveCfg = Debug|Any CPU
		{A60EBD2E-ED3B-419B-8EE7-A18ABB2BF04E}.Debug|iPhoneSimulator.Build.0 = Debug|Any CPU
		{A60EBD2E-ED3B-419B-8EE7-A18ABB2BF04E}.Debug|iPhoneSimulator.Deploy.0 = Debug|Any CPU
		{A60EBD2E-ED3B-419B-8EE7-A18ABB2BF04E}.Debug|x64.ActiveCfg = Debug|Any CPU
		{A60EBD2E-ED3B-419B-8EE7-A18ABB2BF04E}.Debug|x64.Build.0 = Debug|Any CPU
		{A60EBD2E-ED3B-419B-8EE7-A18ABB2BF04E}.Debug|x64.Deploy.0 = Debug|Any CPU
		{A60EBD2E-ED3B-419B-8EE7-A18ABB2BF04E}.Debug|x86.ActiveCfg = Debug|Any CPU
		{A60EBD2E-ED3B-419B-8EE7-A18ABB2BF04E}.Debug|x86.Build.0 = Debug|Any CPU
		{A60EBD2E-ED3B-419B-8EE7-A18ABB2BF04E}.Debug|x86.Deploy.0 = Debug|Any CPU
		{A60EBD2E-ED3B-419B-8EE7-A18ABB2BF04E}.Release|Any CPU.ActiveCfg = Release|Any CPU
		{A60EBD2E-ED3B-419B-8EE7-A18ABB2BF04E}.Release|Any CPU.Build.0 = Release|Any CPU
		{A60EBD2E-ED3B-419B-8EE7-A18ABB2BF04E}.Release|Any CPU.Deploy.0 = Release|Any CPU
		{A60EBD2E-ED3B-419B-8EE7-A18ABB2BF04E}.Release|ARM.ActiveCfg = Release|Any CPU
		{A60EBD2E-ED3B-419B-8EE7-A18ABB2BF04E}.Release|ARM.Build.0 = Release|Any CPU
		{A60EBD2E-ED3B-419B-8EE7-A18ABB2BF04E}.Release|ARM.Deploy.0 = Release|Any CPU
		{A60EBD2E-ED3B-419B-8EE7-A18ABB2BF04E}.Release|iPhone.ActiveCfg = Release|Any CPU
		{A60EBD2E-ED3B-419B-8EE7-A18ABB2BF04E}.Release|iPhone.Build.0 = Release|Any CPU
		{A60EBD2E-ED3B-419B-8EE7-A18ABB2BF04E}.Release|iPhone.Deploy.0 = Release|Any CPU
		{A60EBD2E-ED3B-419B-8EE7-A18ABB2BF04E}.Release|iPhoneSimulator.ActiveCfg = Release|Any CPU
		{A60EBD2E-ED3B-419B-8EE7-A18ABB2BF04E}.Release|iPhoneSimulator.Build.0 = Release|Any CPU
		{A60EBD2E-ED3B-419B-8EE7-A18ABB2BF04E}.Release|iPhoneSimulator.Deploy.0 = Release|Any CPU
		{A60EBD2E-ED3B-419B-8EE7-A18ABB2BF04E}.Release|x64.ActiveCfg = Release|Any CPU
		{A60EBD2E-ED3B-419B-8EE7-A18ABB2BF04E}.Release|x64.Build.0 = Release|Any CPU
		{A60EBD2E-ED3B-419B-8EE7-A18ABB2BF04E}.Release|x64.Deploy.0 = Release|Any CPU
		{A60EBD2E-ED3B-419B-8EE7-A18ABB2BF04E}.Release|x86.ActiveCfg = Release|Any CPU
		{A60EBD2E-ED3B-419B-8EE7-A18ABB2BF04E}.Release|x86.Build.0 = Release|Any CPU
		{A60EBD2E-ED3B-419B-8EE7-A18ABB2BF04E}.Release|x86.Deploy.0 = Release|Any CPU
	EndGlobalSection
	GlobalSection(SolutionProperties) = preSolution
		HideSolutionNode = FALSE
	EndGlobalSection
	GlobalSection(ExtensibilityGlobals) = postSolution
		SolutionGuid = {38D5B59C-7495-44A7-B335-DC7D7BAD6ED7}
	EndGlobalSection
EndGlobal
